
Microsoft Visual Studio Solution File, Format Version 12.00
# Visual Studio Version 16
VisualStudioVersion = 16.0.31105.61
MinimumVisualStudioVersion = 10.0.40219.1
Project("{FAE04EC0-301F-11D3-BF4B-00C04F79EFBC}") = "Calculadora(Strategy - Design Patterns)", "Calculadora(Strategy - Design Patterns)\Calculadora(Strategy - Design Patterns).csproj", "{3DD639BD-42EA-4E6B-982C-41D62A587722}"
EndProject
Global
	GlobalSection(SolutionConfigurationPlatforms) = preSolution
		Debug|Any CPU = Debug|Any CPU
		Release|Any CPU = Release|Any CPU
	EndGlobalSection
	GlobalSection(ProjectConfigurationPlatforms) = postSolution
		{3DD639BD-42EA-4E6B-982C-41D62A587722}.Debug|Any CPU.ActiveCfg = Debug|Any CPU
		{3DD639BD-42EA-4E6B-982C-41D62A587722}.Debug|Any CPU.Build.0 = Debug|Any CPU
		{3DD639BD-42EA-4E6B-982C-41D62A587722}.Release|Any CPU.ActiveCfg = Release|Any CPU
		{3DD639BD-42EA-4E6B-982C-41D62A587722}.Release|Any CPU.Build.0 = Release|Any CPU
	EndGlobalSection
	GlobalSection(SolutionProperties) = preSolution
		HideSolutionNode = FALSE
	EndGlobalSection
	GlobalSection(ExtensibilityGlobals) = postSolution
		SolutionGuid = {14372DC2-3B51-447C-A410-E32E7C219B60}
	EndGlobalSection
EndGlobal
